
Microsoft Visual Studio Solution File, Format Version 12.00
# Visual Studio Version 16
VisualStudioVersion = 16.0.29920.165
MinimumVisualStudioVersion = 10.0.40219.1
Project("{2150E333-8FDC-42A3-9474-1A3956D46DE8}") = "Praktika", "Praktika", "{84A6E996-78C4-4D7E-A56D-3436E3873AE5}"
EndProject
Project("{8BC9CEB8-8B4A-11D0-8D11-00A0C91BC942}") = "01.1", "01.1\01.1.vcxproj", "{EDB864D6-FDA8-4900-A77F-BB9524D48BD0}"
EndProject
Project("{8BC9CEB8-8B4A-11D0-8D11-00A0C91BC942}") = "01.2", "01.2\01.2.vcxproj", "{F30C004D-ECD0-4C44-BF30-5A454C0BC80C}"
EndProject
Project("{8BC9CEB8-8B4A-11D0-8D11-00A0C91BC942}") = "01.3", "01.3\01.3.vcxproj", "{DD36C78B-3812-4A03-B595-A6689DF3D816}"
EndProject
Project("{8BC9CEB8-8B4A-11D0-8D11-00A0C91BC942}") = "02.2", "02.1\02.1.vcxproj", "{CFA9ADBA-1C70-4487-BC58-C12F6182AEA4}"
EndProject
Project("{8BC9CEB8-8B4A-11D0-8D11-00A0C91BC942}") = "02.3", "02.3\02.3.vcxproj", "{61C29507-FEDB-4C27-9D4D-CC2D56EECA21}"
EndProject
Project("{8BC9CEB8-8B4A-11D0-8D11-00A0C91BC942}") = "03.01", "03.01\03.01.vcxproj", "{01169E56-1294-405D-922C-BBB91957D8C6}"
EndProject
Project("{8BC9CEB8-8B4A-11D0-8D11-00A0C91BC942}") = "04.01", "04.01\04.01.vcxproj", "{CC466D6F-8607-4B23-8C69-5D400A8B322B}"
EndProject
Global
	GlobalSection(SolutionConfigurationPlatforms) = preSolution
		Debug|x64 = Debug|x64
		Debug|x86 = Debug|x86
		Release|x64 = Release|x64
		Release|x86 = Release|x86
	EndGlobalSection
	GlobalSection(ProjectConfigurationPlatforms) = postSolution
		{EDB864D6-FDA8-4900-A77F-BB9524D48BD0}.Debug|x64.ActiveCfg = Debug|x64
		{EDB864D6-FDA8-4900-A77F-BB9524D48BD0}.Debug|x64.Build.0 = Debug|x64
		{EDB864D6-FDA8-4900-A77F-BB9524D48BD0}.Debug|x86.ActiveCfg = Debug|Win32
		{EDB864D6-FDA8-4900-A77F-BB9524D48BD0}.Debug|x86.Build.0 = Debug|Win32
		{EDB864D6-FDA8-4900-A77F-BB9524D48BD0}.Release|x64.ActiveCfg = Release|x64
		{EDB864D6-FDA8-4900-A77F-BB9524D48BD0}.Release|x64.Build.0 = Release|x64
		{EDB864D6-FDA8-4900-A77F-BB9524D48BD0}.Release|x86.ActiveCfg = Release|Win32
		{EDB864D6-FDA8-4900-A77F-BB9524D48BD0}.Release|x86.Build.0 = Release|Win32
		{F30C004D-ECD0-4C44-BF30-5A454C0BC80C}.Debug|x64.ActiveCfg = Debug|x64
		{F30C004D-ECD0-4C44-BF30-5A454C0BC80C}.Debug|x64.Build.0 = Debug|x64
		{F30C004D-ECD0-4C44-BF30-5A454C0BC80C}.Debug|x86.ActiveCfg = Debug|Win32
		{F30C004D-ECD0-4C44-BF30-5A454C0BC80C}.Debug|x86.Build.0 = Debug|Win32
		{F30C004D-ECD0-4C44-BF30-5A454C0BC80C}.Release|x64.ActiveCfg = Release|x64
		{F30C004D-ECD0-4C44-BF30-5A454C0BC80C}.Release|x64.Build.0 = Release|x64
		{F30C004D-ECD0-4C44-BF30-5A454C0BC80C}.Release|x86.ActiveCfg = Release|Win32
		{F30C004D-ECD0-4C44-BF30-5A454C0BC80C}.Release|x86.Build.0 = Release|Win32
		{DD36C78B-3812-4A03-B595-A6689DF3D816}.Debug|x64.ActiveCfg = Debug|x64
		{DD36C78B-3812-4A03-B595-A6689DF3D816}.Debug|x64.Build.0 = Debug|x64
		{DD36C78B-3812-4A03-B595-A6689DF3D816}.Debug|x86.ActiveCfg = Debug|Win32
		{DD36C78B-3812-4A03-B595-A6689DF3D816}.Debug|x86.Build.0 = Debug|Win32
		{DD36C78B-3812-4A03-B595-A6689DF3D816}.Release|x64.ActiveCfg = Release|x64
		{DD36C78B-3812-4A03-B595-A6689DF3D816}.Release|x64.Build.0 = Release|x64
		{DD36C78B-3812-4A03-B595-A6689DF3D816}.Release|x86.ActiveCfg = Release|Win32
		{DD36C78B-3812-4A03-B595-A6689DF3D816}.Release|x86.Build.0 = Release|Win32
		{CFA9ADBA-1C70-4487-BC58-C12F6182AEA4}.Debug|x64.ActiveCfg = Debug|x64
		{CFA9ADBA-1C70-4487-BC58-C12F6182AEA4}.Debug|x64.Build.0 = Debug|x64
		{CFA9ADBA-1C70-4487-BC58-C12F6182AEA4}.Debug|x86.ActiveCfg = Debug|Win32
		{CFA9ADBA-1C70-4487-BC58-C12F6182AEA4}.Debug|x86.Build.0 = Debug|Win32
		{CFA9ADBA-1C70-4487-BC58-C12F6182AEA4}.Release|x64.ActiveCfg = Release|x64
		{CFA9ADBA-1C70-4487-BC58-C12F6182AEA4}.Release|x64.Build.0 = Release|x64
		{CFA9ADBA-1C70-4487-BC58-C12F6182AEA4}.Release|x86.ActiveCfg = Release|Win32
		{CFA9ADBA-1C70-4487-BC58-C12F6182AEA4}.Release|x86.Build.0 = Release|Win32
		{61C29507-FEDB-4C27-9D4D-CC2D56EECA21}.Debug|x64.ActiveCfg = Debug|x64
		{61C29507-FEDB-4C27-9D4D-CC2D56EECA21}.Debug|x64.Build.0 = Debug|x64
		{61C29507-FEDB-4C27-9D4D-CC2D56EECA21}.Debug|x86.ActiveCfg = Debug|Win32
		{61C29507-FEDB-4C27-9D4D-CC2D56EECA21}.Debug|x86.Build.0 = Debug|Win32
		{61C29507-FEDB-4C27-9D4D-CC2D56EECA21}.Release|x64.ActiveCfg = Release|x64
		{61C29507-FEDB-4C27-9D4D-CC2D56EECA21}.Release|x64.Build.0 = Release|x64
		{61C29507-FEDB-4C27-9D4D-CC2D56EECA21}.Release|x86.ActiveCfg = Release|Win32
		{61C29507-FEDB-4C27-9D4D-CC2D56EECA21}.Release|x86.Build.0 = Release|Win32
		{01169E56-1294-405D-922C-BBB91957D8C6}.Debug|x64.ActiveCfg = Debug|x64
		{01169E56-1294-405D-922C-BBB91957D8C6}.Debug|x64.Build.0 = Debug|x64
		{01169E56-1294-405D-922C-BBB91957D8C6}.Debug|x86.ActiveCfg = Debug|Win32
		{01169E56-1294-405D-922C-BBB91957D8C6}.Debug|x86.Build.0 = Debug|Win32
		{01169E56-1294-405D-922C-BBB91957D8C6}.Release|x64.ActiveCfg = Release|x64
		{01169E56-1294-405D-922C-BBB91957D8C6}.Release|x64.Build.0 = Release|x64
		{01169E56-1294-405D-922C-BBB91957D8C6}.Release|x86.ActiveCfg = Release|Win32
		{01169E56-1294-405D-922C-BBB91957D8C6}.Release|x86.Build.0 = Release|Win32
		{CC466D6F-8607-4B23-8C69-5D400A8B322B}.Debug|x64.ActiveCfg = Debug|x64
		{CC466D6F-8607-4B23-8C69-5D400A8B322B}.Debug|x64.Build.0 = Debug|x64
		{CC466D6F-8607-4B23-8C69-5D400A8B322B}.Debug|x86.ActiveCfg = Debug|Win32
		{CC466D6F-8607-4B23-8C69-5D400A8B322B}.Debug|x86.Build.0 = Debug|Win32
		{CC466D6F-8607-4B23-8C69-5D400A8B322B}.Release|x64.ActiveCfg = Release|x64
		{CC466D6F-8607-4B23-8C69-5D400A8B322B}.Release|x64.Build.0 = Release|x64
		{CC466D6F-8607-4B23-8C69-5D400A8B322B}.Release|x86.ActiveCfg = Release|Win32
		{CC466D6F-8607-4B23-8C69-5D400A8B322B}.Release|x86.Build.0 = Release|Win32
	EndGlobalSection
	GlobalSection(SolutionProperties) = preSolution
		HideSolutionNode = FALSE
	EndGlobalSection
	GlobalSection(NestedProjects) = preSolution
		{EDB864D6-FDA8-4900-A77F-BB9524D48BD0} = {84A6E996-78C4-4D7E-A56D-3436E3873AE5}
		{F30C004D-ECD0-4C44-BF30-5A454C0BC80C} = {84A6E996-78C4-4D7E-A56D-3436E3873AE5}
		{DD36C78B-3812-4A03-B595-A6689DF3D816} = {84A6E996-78C4-4D7E-A56D-3436E3873AE5}
		{CFA9ADBA-1C70-4487-BC58-C12F6182AEA4} = {84A6E996-78C4-4D7E-A56D-3436E3873AE5}
		{61C29507-FEDB-4C27-9D4D-CC2D56EECA21} = {84A6E996-78C4-4D7E-A56D-3436E3873AE5}
		{01169E56-1294-405D-922C-BBB91957D8C6} = {84A6E996-78C4-4D7E-A56D-3436E3873AE5}
		{CC466D6F-8607-4B23-8C69-5D400A8B322B} = {84A6E996-78C4-4D7E-A56D-3436E3873AE5}
	EndGlobalSection
	GlobalSection(ExtensibilityGlobals) = postSolution
		SolutionGuid = {DDA7C1D4-6FD7-4CD7-8F03-2B90BF62023B}
	EndGlobalSection
EndGlobal
